{
    "_meta": {
        "hash": {
            "sha256": "f42a802e0464115fd83e10b06e1c5947b8eebab5450774bb3e8e731c5216c8a6"
        },
        "pipfile-spec": 6,
        "requires": {
            "python_version": "3.6"
        },
        "sources": [
            {
                "name": "pypi",
                "url": "https://pypi.org/simple",
                "verify_ssl": true
            }
        ]
    },
    "default": {
        "cachetools": {
            "hashes": [
                "sha256:2cc0b89715337ab6dbba85b5b50effe2b0c74e035d83ee8ed637cf52f12ae001",
                "sha256:61b5ed1e22a0924aed1d23b478f37e8d52549ff8a961de2909c69bf950020cff"
            ],
            "version": "==4.2.2"
        },
        "certifi": {
            "hashes": [
                "sha256:2bbf76fd432960138b3ef6dda3dde0544f27cbf8546c458e60baf371917ba9ee",
                "sha256:50b1e4f8446b06f41be7dd6338db18e0990601dce795c2b1686458aa7e8fa7d8"
            ],
            "version": "==2021.5.30"
        },
        "chardet": {
            "hashes": [
                "sha256:0d6f53a15db4120f2b08c94f11e7d93d2c911ee118b6b30a04ec3ee8310179fa",
                "sha256:f864054d66fd9118f2e67044ac8981a54775ec5b67aed0441892edb553d21da5"
            ],
            "version": "==4.0.0"
        },
        "google-api-core": {
            "extras": [
                "grpc"
            ],
            "hashes": [
                "sha256:02646803bd728e12dd1f45ee1dcc31c12614c9a1ac451b9a1ce26aa65df9b957",
                "sha256:a658a4e367511a444c7daf2c58855ff6fd7f7d138c154e5b17186c1f8154c8cb"
            ],
            "version": "==1.28.0"
        },
        "google-auth": {
            "hashes": [
                "sha256:044d81b1e58012f8ebc71cc134e191c1fa312f543f1fbc99973afe28c25e3228",
                "sha256:b3ca7a8ff9ab3bdefee3ad5aefb11fc6485423767eee016f5942d8e606ca23fb"
            ],
            "version": "==1.30.1"
        },
        "google-cloud-core": {
            "hashes": [
                "sha256:40d9c2da2d03549b5ac3dcccf289d4f15e6d1210044c6381ce45c92913e62904",
                "sha256:c6abb18527545379fc82efc4de75ce9a3772ccad2fc645adace593ba097cbb02"
            ],
            "version": "==1.6.0"
        },
        "google-cloud-firestore": {
            "hashes": [
                "sha256:5b8e0bd84d98b7ec42abc75b5241a00114777b59ccdfa0df247ac12b16831823",
                "sha256:7fec7b523ab5e1f87721ca61181114818579bb4d17de768a3993811c9d2aacfe"
            ],
            "index": "pypi",
            "version": "==1.6.0"
        },
        "googleapis-common-protos": {
            "hashes": [
                "sha256:a88ee8903aa0a81f6c3cec2d5cf62d3c8aa67c06439b0496b49048fb1854ebf4",
                "sha256:f6d561ab8fb16b30020b940e2dd01cd80082f4762fa9f3ee670f4419b4b8dbd0"
            ],
            "version": "==1.53.0"
        },
        "grpcio": {
            "hashes": [
                "sha256:0247b045feb7b138754c91efcca9ea7f7d2cc9f0bd2cc73f6588c523f38873c3",
                "sha256:07abf6b36c138bf247cef7ac0bad9f8ab1c8242f7c1302af23bb8e6877d08163",
                "sha256:0ab78d4c16d7f3924718711689f5e301aec52cfcf38eb4143bed0f74b7c4fd10",
                "sha256:10a6c62e0cddd456db91f9f04b53a8cccf67d86d7ca814d989423939099c2723",
                "sha256:1c11041ecb69d962d49e8a38a35736cdc6fc74230867b5f0ac6138770387a950",
                "sha256:1d157a2ac6632d31a3ff21f56bbe73420e1d7a21e4fe89d8c7ac792b79c1a589",
                "sha256:1d212af1008bdbfd4b8a287e17a8e63e14d72ac450475307452f20c1bbb6bae4",
                "sha256:1e88a8d5d961df958362f61b1b79ad3981a8b051f99224717b09308546298902",
                "sha256:25028420d004fe33d64015f5d4d97207c53530acdb493310e217fac76dcd2513",
                "sha256:2736b109ec5bd9fcf580bf871b5fd4f136c6ae9728407f344a3c64ad87bb6519",
                "sha256:277faad1d8d462bd1b986f43a47a2c2fe795b2e0de72c9318e11826d921e665a",
                "sha256:291dcde4139bc25629de6a743cfcc0ca861e289e3547421ecd2273b51d95b8e1",
                "sha256:2c26cb7566e8942542ff1aee71f10ed35e2f9ee95c2f27179b198af0727fbebb",
                "sha256:32067791bd56a13614399f1994454afea9e2475019fcabc4abd3112f09892005",
                "sha256:34fb08d46a70750bef6566c9556a16b98e08af6345a3bad6574477eb0b08c3dd",
                "sha256:3cacfee78310b5a89769b2fac20b8cd723470130f5b1ba0c960da8db39e74a97",
                "sha256:4a1dd16ccf76ddc18c1cde900049c04ed996e6c02e0588d88d06396c398e6023",
                "sha256:604da72df5bece8844a15990ce0b3f2f8c5243a1333d3dcc02371048bf6f9269",
                "sha256:6461d69a8ae20e7abce4c6d9cc2603e9f16f4d6b64865eddd0e664127349c04d",
                "sha256:6824567e2372dde1bd70214427d23b709d09f1a02a552133d1e0f504b616c84e",
                "sha256:7466eef3b57b5ac8c7585251b26b917b093ab015750bf98aab4e0836c39e2a2b",
                "sha256:752593a275e26ef250dc4d93a6f7917dd9986396b41eabcc114b0e0315ec1bf6",
                "sha256:7b74c48b2e41dd506f889a4a9974d40b3eead965b0fd2e0b1d55a9b3c0e3bc6e",
                "sha256:897bcd54890e6ec6359063affb35e19a61a58ba37bc61c9e8ac6b464b854233e",
                "sha256:8c4f39ad529fb4a33cd6e58d1d860c3b583902208547614b4b5b75fc306f13f6",
                "sha256:924552099365ea1dd32237dc161849452cd567d931efc57e8427260d8f0eacdb",
                "sha256:9a2216df1be9fdbc3c1ebd3c5184d1ef4afb387c29224fce00346b9ddec7c7e3",
                "sha256:9f1747b81d44daed0649ff10395b58c4f29b03139a628afeb058f3e942ba6893",
                "sha256:a0d7c88b4cf9748147cd6c16e14569a124b683a3eb5d7787f43eb9d48cf86755",
                "sha256:a4789014f9d9e9ff29551314a004266b1ac90225c8a009dc87947aaf823fd83c",
                "sha256:a836f21a1d08d28c8344e149b28729649ff4732c318a59a3628451bbd6c3c9ac",
                "sha256:a8f9fcf5623282e4804595166a4ee1401cf4ccfc16fe84bb69e1eb23ffd836ac",
                "sha256:abbf9c8c3df4d5233d5888c6cfa85c1bb68a6923749bd4dd1abc6e1e93986f17",
                "sha256:ac05434a7a7f444b2ddd109d72f87f4704364be159aea42a04bd6ea2ba6e10e4",
                "sha256:b4cd8fb4e3725e8852b1da734904edb3579c76660ae26a72283ac580779e5bf0",
                "sha256:b86a1b0654804b5f2248d9262c77a9d5f19882481fc21df53eb2823d0875b86d",
                "sha256:be83ca2d24321c8bf6516b9cd1064da15ac3ff3978c6c502643be114e2a54af2",
                "sha256:c47e85eae34af5d17d1c2007a1f0b13a0293d4b7a6d8c8ae23761d718293803e",
                "sha256:cbd2754da81bf5f18454c7808b4afe5b57c6736955a742fb599b32b6353fe99f",
                "sha256:cd220606259f8aa2403bc0f4a4483bae5e36be879364ca3e256f0304ac44f575",
                "sha256:d3566acd87a65a0bc93875125a7064293ab2b6ffb9327333030939681d269f4f",
                "sha256:d631304e66c908d5d2d1a3cc9c02d372d2f8bed8c3632902d6f3f77d7ca34ac2",
                "sha256:db01eaea57e7a1898c69271e35a84341cf8150cfdec5f0411eddcfb65b5f590e",
                "sha256:e3072b9ebb573fe1f6757a55b610e4975979d2d58247cbe18ff4385f5aaa81a5",
                "sha256:e72dd202c982a5922c3b846976cae3b699e3fa8d2355d9d5bad119d066cf23ee",
                "sha256:e83ab148911e6c8ae4ec5e1334e6d800c6b84c432b92eb0ebf0808087117cb39",
                "sha256:f19bd4b5bcf88ee059f478c4ab46a1607f09835587750294038fbd0120f1a9dc",
                "sha256:f2c4ff0e8c98418c5d55c28ba4ff954e3a5d3c723af5008e8d3ddeae8f0ecb41",
                "sha256:f6f6d51c9efbfe56af9eb9eeb4881cad1b869e4c0e2a32c1d345897fd0979ee3",
                "sha256:f8dd51b05e7fde843d7a3140b058f02801fbec5784a036d5f6abb374450d4608",
                "sha256:f9b3678920017842a1b576de3524ecf8f6a2bf4b39f86fb25b870693141e0584"
            ],
            "version": "==1.38.0"
        },
        "idna": {
            "hashes": [
                "sha256:b307872f855b18632ce0c21c5e45be78c0ea7ae4c15c828c20788b26921eb3f6",
                "sha256:b97d804b1e9b523befed77c48dacec60e6dcb0b5391d57af6a65a312a90648c0"
            ],
            "version": "==2.10"
        },
        "packaging": {
            "hashes": [
                "sha256:5b327ac1320dc863dca72f4514ecc086f31186744b84a230374cc1fd776feae5",
                "sha256:67714da7f7bc052e064859c05c595155bd1ee9f69f76557e21f051443c20947a"
            ],
            "version": "==20.9"
        },
        "protobuf": {
            "hashes": [
                "sha256:0f237c1e84e46747397a3e8173edb3116e81163b2878fc944a5193b05876eaee",
                "sha256:1fcace96670b8512e805d6e275bd59b860967a7648e05cfad35ec1e7c03d7262",
                "sha256:25bc4f1c23aced9b3a9e70eef7f03e63bcbd6cfbd881a91b5688412dce8992e1",
                "sha256:27c7c933b838a0837eb1f429e7994310ee8577a7b69abc38e84d5db97a2650a2",
                "sha256:2a88be54fce118d69f083b847554afd1852053c0869bdac396678ec9ec6a94d5",
                "sha256:2c6ad26f079301bcf9f1b5d5b4b2dbac0e2e7c0111c6fbecf94f558952c78ee0",
                "sha256:36d306dda3c159a5fe0025ba0e9728aac00dd69523dd12ee3fb7b1717cd80e7d",
                "sha256:40bf764b63f06a816b1c079f7718184fdd8dbfd9dad3cd1a446382492ca00b3e",
                "sha256:437d4681160ac5310457c4dc8ab973ec56769a236c479393c53fa71a26dfb38f",
                "sha256:4ef4865ee740d5b45adfc96481adf1fcbfbb454bd51b86f4c4a5065262d0b08b",
                "sha256:5057744a363d65d2780dc01fa751bb14e860c507b2598b22af241aabb28a0ae9",
                "sha256:6e48c9b26d8e262331c79b208c4bf6b499a71912b1213d77b63c5ca248fc2a4e",
                "sha256:762faa8873d0569466cf66128bdbadd5e500600bdf2f87cf039493ed9d2725b6",
                "sha256:8a509097ba25452c9b44198843b0df67f921bd36f37adcbcfaaf6ee5cbe09132",
                "sha256:94be4d5c2ba372ff159b2cc804d274acbaa7ebf361966f5619f99880c7c09a3c",
                "sha256:a15898d88307dba0363767b30960396a2dec74b8ffe7bcb4e885312a569eda3f",
                "sha256:ad17d3dd80f3377fc70a9dd677ec51231a892f9f65783cf7d2d24ee381f0feca",
                "sha256:ad8cdbc594c886483970ac274b5af98483b272e873b7c5dac60aa3a7222301b3",
                "sha256:b92f95994ff27a6992ea2cf3f369476ad0065986eb00252b760d0bc55c5454a8",
                "sha256:c1631570af7aae611f1cd7c6918fe4a7154507169ef30e8c5f380eba36ee2659",
                "sha256:cbd132f0aa7180f099d3c47fecfbcdca1590ef3b7da8346146192ba580c9b24e",
                "sha256:d06ef0f7873e04e2d1a2bfa0701d063e4dde5242b2946c6f071a442e4cb3be0b",
                "sha256:fea786428b34385b073ef619d896282889b432b87dc043c0b815c72d35d64025"
            ],
            "version": "==3.17.1"
        },
        "pyasn1": {
            "hashes": [
                "sha256:39c7e2ec30515947ff4e87fb6f456dfc6e84857d34be479c9d4a4ba4bf46aa5d",
                "sha256:aef77c9fb94a3ac588e87841208bdec464471d9871bd5050a287cc9a475cd0ba"
            ],
            "version": "==0.4.8"
        },
        "pyasn1-modules": {
            "hashes": [
                "sha256:905f84c712230b2c592c19470d3ca8d552de726050d1d1716282a1f6146be65e",
                "sha256:a50b808ffeb97cb3601dd25981f6b016cbb3d31fbf57a8b8a87428e6158d0c74"
            ],
            "version": "==0.2.8"
        },
        "pyparsing": {
            "hashes": [
                "sha256:c203ec8783bf771a155b207279b9bccb8dea02d8f0c9e5f8ead507bc3246ecc1",
                "sha256:ef9d7589ef3c200abe66653d3f1ab1033c3c419ae9b9bdb1240a85b024efc88b"
            ],
            "version": "==2.4.7"
        },
        "python-dotenv": {
            "hashes": [
                "sha256:debd928b49dbc2bf68040566f55cdb3252458036464806f4094487244e2a4093",
                "sha256:f157d71d5fec9d4bd5f51c82746b6344dffa680ee85217c123f4a0c8117c4544"
            ],
            "index": "pypi",
            "version": "==0.10.3"
        },
        "python-http-client": {
            "hashes": [
                "sha256:67e6a7bea19b03e14dc971480d3531b80becfc203d6c69478561bf7844d52661"
            ],
            "version": "==3.3.2"
        },
        "pytz": {
            "hashes": [
                "sha256:83a4a90894bf38e243cf052c8b58f381bfe9a7a483f6a9cab140bc7f702ac4da",
                "sha256:eb10ce3e7736052ed3623d49975ce333bcd712c7bb19a58b9e2089d4057d0798"
            ],
            "version": "==2021.1"
        },
        "requests": {
            "hashes": [
                "sha256:27973dd4a904a4f13b263a19c866c13b92a39ed1c964655f025f3f8d3d75b804",
                "sha256:c210084e36a42ae6b9219e00e48287def368a26d03a048ddad7bfee44f75871e"
            ],
            "version": "==2.25.1"
        },
        "rsa": {
            "hashes": [
                "sha256:78f9a9bf4e7be0c5ded4583326e7461e3a3c5aae24073648b4bdfa797d78c9d2",
                "sha256:9d689e6ca1b3038bc82bf8d23e944b6b6037bc02301a574935b2dd946e0353b9"
            ],
            "markers": "python_version >= '3.6'",
            "version": "==4.7.2"
        },
        "sendgrid": {
            "hashes": [
                "sha256:a9999878aad90e32d7b62464454adc70bcef40085c729355ea58717bb0ea0dbd",
                "sha256:cb0b21a83a54bc99d9befda1ea7b4f15fe8db362a152458e58abc5ce23d6d828",
                "sha256:f04fee009c750b47ab984f3c4a735facacc7fba902052d597f7e60b601e56bcc"
            ],
            "index": "pypi",
            "version": "==6.1.0"
        },
        "six": {
            "hashes": [
                "sha256:1e61c37477a1626458e36f7b1d82aa5c9b094fa4802892072e49de9c60c4c926",
                "sha256:8abb2f1d86890a2dfb989f9a77cfcfd3e47c2a354b01111771326f8aa26e0254"
            ],
            "version": "==1.16.0"
        },
        "urllib3": {
            "hashes": [
                "sha256:753a0374df26658f99d826cfe40394a686d05985786d946fbe4165b5148f5a7c",
                "sha256:a7acd0977125325f516bda9735fa7142b909a8d01e8b2e4c8108d0984e6e0098"
            ],
            "index": "pypi",
            "version": "==1.26.5"
        }
    },
    "develop": {
        "astroid": {
            "hashes": [
                "sha256:71ea07f44df9568a75d0f354c49143a4575d90645e9fead6dfb52c26a85ed13a",
                "sha256:840947ebfa8b58f318d42301cf8c0a20fd794a33b61cc4638e28e9e61ba32f42"
            ],
            "version": "==2.3.3"
        },
        "isort": {
            "hashes": [
                "sha256:54da7e92468955c4fceacd0c86bd0ec997b0e1ee80d97f67c35a78b719dccab1",
                "sha256:6e811fcb295968434526407adb8796944f1988c5b65e8139058f2014cbe100fd"
            ],
            "version": "==4.3.21"
        },
        "lazy-object-proxy": {
            "hashes": [
                "sha256:0c4b206227a8097f05c4dbdd323c50edf81f15db3b8dc064d08c62d37e1a504d",
                "sha256:194d092e6f246b906e8f70884e620e459fc54db3259e60cf69a4d66c3fda3449",
                "sha256:1be7e4c9f96948003609aa6c974ae59830a6baecc5376c25c92d7d697e684c08",
                "sha256:4677f594e474c91da97f489fea5b7daa17b5517190899cf213697e48d3902f5a",
                "sha256:48dab84ebd4831077b150572aec802f303117c8cc5c871e182447281ebf3ac50",
                "sha256:5541cada25cd173702dbd99f8e22434105456314462326f06dba3e180f203dfd",
                "sha256:59f79fef100b09564bc2df42ea2d8d21a64fdcda64979c0fa3db7bdaabaf6239",
                "sha256:8d859b89baf8ef7f8bc6b00aa20316483d67f0b1cbf422f5b4dc56701c8f2ffb",
                "sha256:9254f4358b9b541e3441b007a0ea0764b9d056afdeafc1a5569eee1cc6c1b9ea",
                "sha256:9651375199045a358eb6741df3e02a651e0330be090b3bc79f6d0de31a80ec3e",
                "sha256:97bb5884f6f1cdce0099f86b907aa41c970c3c672ac8b9c8352789e103cf3156",
                "sha256:9b15f3f4c0f35727d3a0fba4b770b3c4ebbb1fa907dbcc046a1d2799f3edd142",
                "sha256:a2238e9d1bb71a56cd710611a1614d1194dc10a175c1e08d75e1a7bcc250d442",
                "sha256:a6ae12d08c0bf9909ce12385803a543bfe99b95fe01e752536a60af2b7797c62",
                "sha256:ca0a928a3ddbc5725be2dd1cf895ec0a254798915fb3a36af0964a0a4149e3db",
                "sha256:cb2c7c57005a6804ab66f106ceb8482da55f5314b7fcb06551db1edae4ad1531",
                "sha256:d74bb8693bf9cf75ac3b47a54d716bbb1a92648d5f781fc799347cfc95952383",
                "sha256:d945239a5639b3ff35b70a88c5f2f491913eb94871780ebfabb2568bd58afc5a",
                "sha256:eba7011090323c1dadf18b3b689845fd96a61ba0a1dfbd7f24b921398affc357",
                "sha256:efa1909120ce98bbb3777e8b6f92237f5d5c8ea6758efea36a473e1d38f7d3e4",
                "sha256:f3900e8a5de27447acbf900b4750b0ddfd7ec1ea7fbaf11dfa911141bc522af0"
            ],
            "version": "==1.4.3"
        },
        "mccabe": {
            "hashes": [
                "sha256:ab8a6258860da4b6677da4bd2fe5dc2c659cff31b3ee4f7f5d64e79735b80d42",
                "sha256:dd8d182285a0fe56bace7f45b5e7d1a6ebcbf524e8f3bd87eb0f125271b8831f"
            ],
            "version": "==0.6.1"
        },
        "pylint": {
            "hashes": [
                "sha256:3db5468ad013380e987410a8d6956226963aed94ecb5f9d3a28acca6d9ac36cd",
                "sha256:886e6afc935ea2590b462664b161ca9a5e40168ea99e5300935f6591ad467df4"
            ],
            "index": "pypi",
            "version": "==2.4.4"
        },
        "six": {
            "hashes": [
                "sha256:1e61c37477a1626458e36f7b1d82aa5c9b094fa4802892072e49de9c60c4c926",
                "sha256:8abb2f1d86890a2dfb989f9a77cfcfd3e47c2a354b01111771326f8aa26e0254"
            ],
            "version": "==1.16.0"
        },
        "typed-ast": {
            "hashes": [
                "sha256:01ae5f73431d21eead5015997ab41afa53aa1fbe252f9da060be5dad2c730ace",
                "sha256:067a74454df670dcaa4e59349a2e5c81e567d8d65458d480a5b3dfecec08c5ff",
                "sha256:0fb71b8c643187d7492c1f8352f2c15b4c4af3f6338f21681d3681b3dc31a266",
                "sha256:1b3ead4a96c9101bef08f9f7d1217c096f31667617b58de957f690c92378b528",
                "sha256:2068531575a125b87a41802130fa7e29f26c09a2833fea68d9a40cf33902eba6",
                "sha256:209596a4ec71d990d71d5e0d312ac935d86930e6eecff6ccc7007fe54d703808",
                "sha256:2c726c276d09fc5c414693a2de063f521052d9ea7c240ce553316f70656c84d4",
                "sha256:398e44cd480f4d2b7ee8d98385ca104e35c81525dd98c519acff1b79bdaac363",
                "sha256:52b1eb8c83f178ab787f3a4283f68258525f8d70f778a2f6dd54d3b5e5fb4341",
                "sha256:5feca99c17af94057417d744607b82dd0a664fd5e4ca98061480fd8b14b18d04",
                "sha256:7538e495704e2ccda9b234b82423a4038f324f3a10c43bc088a1636180f11a41",
                "sha256:760ad187b1041a154f0e4d0f6aae3e40fdb51d6de16e5c99aedadd9246450e9e",
                "sha256:777a26c84bea6cd934422ac2e3b78863a37017618b6e5c08f92ef69853e765d3",
                "sha256:95431a26309a21874005845c21118c83991c63ea800dd44843e42a916aec5899",
                "sha256:9ad2c92ec681e02baf81fdfa056fe0d818645efa9af1f1cd5fd6f1bd2bdfd805",
                "sha256:9c6d1a54552b5330bc657b7ef0eae25d00ba7ffe85d9ea8ae6540d2197a3788c",
                "sha256:aee0c1256be6c07bd3e1263ff920c325b59849dc95392a05f258bb9b259cf39c",
                "sha256:af3d4a73793725138d6b334d9d247ce7e5f084d96284ed23f22ee626a7b88e39",
                "sha256:b36b4f3920103a25e1d5d024d155c504080959582b928e91cb608a65c3a49e1a",
                "sha256:b9574c6f03f685070d859e75c7f9eeca02d6933273b5e69572e5ff9d5e3931c3",
                "sha256:bff6ad71c81b3bba8fa35f0f1921fb24ff4476235a6e94a26ada2e54370e6da7",
                "sha256:c190f0899e9f9f8b6b7863debfb739abcb21a5c054f911ca3596d12b8a4c4c7f",
                "sha256:c907f561b1e83e93fad565bac5ba9c22d96a54e7ea0267c708bffe863cbe4075",
                "sha256:cae53c389825d3b46fb37538441f75d6aecc4174f615d048321b716df2757fb0",
                "sha256:dd4a21253f42b8d2b48410cb31fe501d32f8b9fbeb1f55063ad102fe9c425e40",
                "sha256:dde816ca9dac1d9c01dd504ea5967821606f02e510438120091b84e852367428",
                "sha256:f2362f3cb0f3172c42938946dbc5b7843c2a28aec307c49100c8b38764eb6927",
                "sha256:f328adcfebed9f11301eaedfa48e15bdece9b519fb27e6a8c01aa52a17ec31b3",
                "sha256:f8afcf15cc511ada719a88e013cec87c11aff7b91f019295eb4530f96fe5ef2f",
                "sha256:fb1bbeac803adea29cedd70781399c99138358c26d05fcbd23c13016b7f5ec65"
            ],
            "markers": "implementation_name == 'cpython' and python_version < '3.8'",
            "version": "==1.4.3"
        },
        "wrapt": {
            "hashes": [
                "sha256:565a021fd19419476b9362b05eeaa094178de64f8361e44468f9e9d7843901e1"
            ],
            "version": "==1.11.2"
        }
    }
}
