{
    "_meta": {
        "hash": {
            "sha256": "368142b5f8c3f6385a4553896f05d9375a6e18ee6a60027f51499653a7c3eda1"
        },
        "pipfile-spec": 6,
        "requires": {
            "python_version": "3.6"
        },
        "sources": [
            {
                "name": "pypi",
                "url": "https://pypi.org/simple",
                "verify_ssl": true
            }
        ]
    },
    "default": {
        "cachetools": {
            "hashes": [
                "sha256:219b7dc6024195b6f2bc3d3f884d1fef458745cd323b04165378622dcc823852",
                "sha256:9efcc9fab3b49ab833475702b55edd5ae07af1af7a4c627678980b45e459c460"
            ],
            "version": "==3.1.0"
        },
        "certifi": {
            "hashes": [
                "sha256:59b7658e26ca9c7339e00f8f4636cdfe59d34fa37b9b04f6f9e9926b3cece1a5",
                "sha256:b26104d6835d1f5e49452a26eb2ff87fe7090b89dfcaee5ea2212697e1e1d7ae"
            ],
            "version": "==2019.3.9"
        },
        "chardet": {
            "hashes": [
                "sha256:84ab92ed1c4d4f16916e05906b6b75a6c0fb5db821cc65e70cbd64a3e2a5eaae",
                "sha256:fc323ffcaeaed0e0a02bf4d117757b98aed530d9ed4531e3e15460124c106691"
            ],
            "version": "==3.0.4"
        },
        "google-api-core": {
            "extras": [
                "grpc"
            ],
            "hashes": [
                "sha256:5e29af30d9bb5791ea2c6f7817c4c9630b92b914c5e253ba52b8ce6b0eed888e",
                "sha256:a77d98bd733ec455b03a91dc732cce6e7dfc900db4ff44c52743826e3d28a741"
            ],
            "version": "==1.11.0"
        },
        "google-auth": {
            "hashes": [
                "sha256:0f7c6a64927d34c1a474da92cfc59e552a5d3b940d3266606c6a28b72888b9e4",
                "sha256:20705f6803fd2c4d1cc2dcb0df09d4dfcb9a7d51fd59e94a3a28231fd93119ed"
            ],
            "version": "==1.6.3"
        },
        "google-cloud-core": {
            "hashes": [
                "sha256:5cf75936e3265cbfec028599ad013bccf10b855c79348b81488f7890ca3a3534",
                "sha256:a5d643a172d2e7ba1a77ea9fa874898a413a15cbc61bd7f1986a1bd38eb6b2b5"
            ],
            "version": "==1.0.0"
        },
        "google-cloud-firestore": {
            "hashes": [
                "sha256:d60aa73389d67d391f6260a1f2b88e234fda66dc35b7a3e95e54bcd0bd1d163e",
                "sha256:e95742e5441f5bc1bc3dabd7277e8b62b96b241a6a9566e549df950778db2cc1"
            ],
            "index": "pypi",
            "version": "==1.2.0"
        },
        "googleapis-common-protos": {
            "hashes": [
                "sha256:e61b8ed5e36b976b487c6e7b15f31bb10c7a0ca7bd5c0e837f4afab64b53a0c6"
            ],
            "version": "==1.6.0"
        },
        "grpcio": {
            "hashes": [
                "sha256:0442f7d0c527ceab6a76159937ae8109941eace90ec00cb1bd08fc4f3179e52e",
                "sha256:051957d0f61f4dec90868a54ee969228409926a0a19fd8ed7b4a0e50388effee",
                "sha256:0d262794b2339770d5378a5717f8ddbfb68e409974582f0503272b90b7cc79bd",
                "sha256:142693dc8bd427c595d030f75bf8d01c843d9ccb659499e8507ad22da832e9cf",
                "sha256:18d44515a3fd3a71442abb5a1c65fc1909d859c13cda50c974cbc69742a80cea",
                "sha256:1d50674bdffa18ea6143e0df9a1b97cdeab583ce5dd1cabda3502ee75215065c",
                "sha256:3945335a5b8332995415c5f03da1a5f6e36da6ede819a611e2cbb093cf752bdd",
                "sha256:3a9603ff14070524f4c69634afad6b280b07ad9f8c2c346c4b2290306e1928ac",
                "sha256:52861aac5c1dcf4c841eb555b257cfb56d0c840a286495078382f538d0a34d6a",
                "sha256:53c512c7c8af9cb9e3e1cc5ce5e4a5fb2f2e7695e69219f90016bc602abe2f3b",
                "sha256:57ea92c9b81015e5f2cc355e53f08a4e661b78a207857311c7b8c55137a43b29",
                "sha256:5f8574c9e42d1917e41cdedc6312682a96e4547114c7bb0f3de125199a58b3d6",
                "sha256:638ff1a45dd7a226b2b9390296a111142363fe2b5503499f3987d599bce0683c",
                "sha256:64fe0dc897f1f19a6500948862857cb3b97247be997bc47b4dbade42f8af5f97",
                "sha256:67920ec7d2de89845e5232aed41271ef53e1a362c8ffb84f6a6c6e644a75ce3a",
                "sha256:714cddc170efeedf6312d8534ef7f52dcf20dd8f5fb7c5e425c2b6819ac1b9ec",
                "sha256:7edf33e929b1666ff68bfc280b9021a862ab423d0e6306889cc2bc7c907dfc27",
                "sha256:84eb47b1a47e206e78f453fb92a155ed0d18d2ca8747f5c67e4b50b9c37180a7",
                "sha256:8a6289e5c38318cba75115f0bf88be166ead40c83c10dd81ace52f1ab5dc1eab",
                "sha256:8bd5b8c3c8872da748dc8810b664699a5f1d49f2c9ab2b205b96ec9fe06741ad",
                "sha256:93e7672348d4c68ac570c499a794ff4453a1928c39cbe708472a0e1b77176411",
                "sha256:9d37fb214674f0f194a80df5ad0b9c9b9f2fa5c5408ceaf0fc796e57588404d9",
                "sha256:9de6746a749634004499bac773ad9877d84d826aca2dc14ba4ebd3cd9f64ed74",
                "sha256:9e530c69d6e566ca985193a63363af36a7560a23f4979df6e392bb1bdf05caed",
                "sha256:b37f36da8f4d0bf07d53eb34395b68f5e0dc0bcee207affde9ba29bbf6bd6ced",
                "sha256:cf9b57d139e44eab294ab31eb0181150d877440a8a321bb4422e2c09f6c7a7d9",
                "sha256:dd716aab42be3d1fde74577e42b6319b6399b07d418e49b653e0e1bcd88399bc",
                "sha256:dea43aa864edc3b3d8de1f6e40144119fbccdf04525b3ece4fef9392b6eed436",
                "sha256:e6cbd27559ff91c98991b8ec4ef19f394bf9056d6897aabb9af79568307181d3",
                "sha256:f58e3377da8e8e453068dffc00d17691a97ffd1c3a5a7460b890cf83a9ca6edf",
                "sha256:f938fdfb780a0658d04e1d727b4fb470490087c56cb31ba75cb54fb4bea515bd",
                "sha256:fee4accad7a113004aef226b851f0494c01fc8d281fdebd74468f19cc45354a0"
            ],
            "markers": "extra == 'grpc'",
            "version": "==1.20.1"
        },
        "idna": {
            "hashes": [
                "sha256:c357b3f628cf53ae2c4c05627ecc484553142ca23264e593d327bcde5e9c3407",
                "sha256:ea8b7f6188e6fa117537c3df7da9fc686d485087abf6ac197f9c46432f7e4a3c"
            ],
            "version": "==2.8"
        },
        "protobuf": {
            "hashes": [
                "sha256:21e395d7959551e759d604940a115c51c6347d90a475c9baf471a1a86b5604a9",
                "sha256:57e05e16955aee9e6a0389fcbd58d8289dd2420e47df1a1096b3a232c26eb2dd",
                "sha256:67819e8e48a74c68d87f25cad9f40edfe2faf278cdba5ca73173211b9213b8c9",
                "sha256:75da7d43a2c8a13b0bc7238ab3c8ae217cbfd5979d33b01e98e1f78defb2d060",
                "sha256:78e08371e236f193ce947712c072542ff19d0043ab5318c2ea46bbc2aaebdca6",
                "sha256:7ee5b595db5abb0096e8c4755e69c20dfad38b2d0bcc9bc7bafc652d2496b471",
                "sha256:86260ecfe7a66c0e9d82d2c61f86a14aa974d340d159b829b26f35f710f615db",
                "sha256:92c77db4bd33ea4ee5f15152a835273f2338a5246b2cbb84bab5d0d7f6e9ba94",
                "sha256:9c7b90943e0e188394b4f068926a759e3b4f63738190d1ab3d500d53b9ce7614",
                "sha256:a77f217ea50b2542bae5b318f7acee50d9fc8c95dd6d3656eaeff646f7cab5ee",
                "sha256:ad589ed1d1f83db22df867b10e01fe445516a5a4d7cfa37fe3590a5f6cfc508b",
                "sha256:b06a794901bf573f4b2af87e6139e5cd36ac7c91ac85d7ae3fe5b5f6fc317513",
                "sha256:bd8592cc5f8b4371d0bad92543370d4658dc41a5ccaaf105597eb5524c616291",
                "sha256:be48e5a6248a928ec43adf2bea037073e5da692c0b3c10b34f9904793bd63138",
                "sha256:cc5eb13f5ccc4b1b642cc147c2cdd121a34278b341c7a4d79e91182fff425836",
                "sha256:cd3b0e0ad69b74ee55e7c321f52a98effed2b4f4cc9a10f3683d869de00590d5",
                "sha256:d6e88c4920660aa75c0c2c4b53407aef5efd9a6e0ca7d2fc84d79aba2ccbda3a",
                "sha256:ec3c49b6d247152e19110c3a53d9bb4cf917747882017f70796460728b02722e"
            ],
            "version": "==3.7.1"
        },
        "pyasn1": {
            "hashes": [
                "sha256:da2420fe13a9452d8ae97a0e478adde1dee153b11ba832a95b223a2ba01c10f7",
                "sha256:da6b43a8c9ae93bc80e2739efb38cc776ba74a886e3e9318d65fe81a8b8a2c6e"
            ],
            "version": "==0.4.5"
        },
        "pyasn1-modules": {
            "hashes": [
                "sha256:ef721f68f7951fab9b0404d42590f479e30d9005daccb1699b0a51bb4177db96",
                "sha256:f309b6c94724aeaf7ca583feb1cc70430e10d7551de5e36edfc1ae6909bcfb3c"
            ],
            "version": "==0.2.5"
        },
        "pytz": {
            "hashes": [
                "sha256:303879e36b721603cc54604edcac9d20401bdbe31e1e4fdee5b9f98d5d31dfda",
                "sha256:d747dd3d23d77ef44c6a3526e274af6efeb0a6f1afd5a69ba4d5be4098c8e141"
            ],
            "version": "==2019.1"
        },
        "requests": {
            "hashes": [
                "sha256:11e007a8a2aa0323f5a921e9e6a2d7e4e67d9877e85773fba9ba6419025cbeb4",
                "sha256:9cf5292fcd0f598c671cfc1e0d7d1a7f13bb8085e9a590f48c010551dc6c4b31"
            ],
            "version": "==2.22.0"
        },
        "rsa": {
            "hashes": [
                "sha256:14ba45700ff1ec9eeb206a2ce76b32814958a98e372006c8fb76ba820211be66",
                "sha256:1a836406405730121ae9823e19c6e806c62bbad73f890574fff50efa4122c487"
            ],
            "version": "==4.0"
        },
        "six": {
            "hashes": [
                "sha256:3350809f0555b11f552448330d0b52d5f24c91a322ea4a15ef22629740f3761c",
                "sha256:d16a0141ec1a18405cd4ce8b4613101da75da0e9a7aec5bdd4fa804d0e0eba73"
            ],
            "version": "==1.12.0"
        },
        "urllib3": {
            "hashes": [
                "sha256:a53063d8b9210a7bdec15e7b272776b9d42b2fd6816401a0d43006ad2f9902db",
                "sha256:d363e3607d8de0c220d31950a8f38b18d5ba7c0830facd71a1c6b1036b7ce06c"
            ],
            "version": "==1.25.2"
        }
    },
    "develop": {}
}
